
Microsoft Visual Studio Solution File, Format Version 12.00
# Visual Studio 15
VisualStudioVersion = 15.0.26228.4
MinimumVisualStudioVersion = 10.0.40219.1
Project("{9A19103F-16F7-4668-BE54-9A1E7A4F7556}") = "Mediator.Net.SampleLib", "src\Mediator.Net.SampleLib\Mediator.Net.SampleLib.csproj", "{8BF07FAF-F190-44C5-A87A-69F7C8C4A73E}"
EndProject
Project("{9A19103F-16F7-4668-BE54-9A1E7A4F7556}") = "Mediator.Net.CoreWebSample", "src\Mediator.Net.CoreWebSample\Mediator.Net.CoreWebSample.csproj", "{72432126-0591-4D48-8657-AEB84B2EC441}"
EndProject
Global
	GlobalSection(SolutionConfigurationPlatforms) = preSolution
		Debug|Any CPU = Debug|Any CPU
		Release|Any CPU = Release|Any CPU
	EndGlobalSection
	GlobalSection(ProjectConfigurationPlatforms) = postSolution
		{8BF07FAF-F190-44C5-A87A-69F7C8C4A73E}.Debug|Any CPU.ActiveCfg = Debug|Any CPU
		{8BF07FAF-F190-44C5-A87A-69F7C8C4A73E}.Debug|Any CPU.Build.0 = Debug|Any CPU
		{8BF07FAF-F190-44C5-A87A-69F7C8C4A73E}.Release|Any CPU.ActiveCfg = Release|Any CPU
		{8BF07FAF-F190-44C5-A87A-69F7C8C4A73E}.Release|Any CPU.Build.0 = Release|Any CPU
		{72432126-0591-4D48-8657-AEB84B2EC441}.Debug|Any CPU.ActiveCfg = Debug|Any CPU
		{72432126-0591-4D48-8657-AEB84B2EC441}.Debug|Any CPU.Build.0 = Debug|Any CPU
		{72432126-0591-4D48-8657-AEB84B2EC441}.Release|Any CPU.ActiveCfg = Release|Any CPU
		{72432126-0591-4D48-8657-AEB84B2EC441}.Release|Any CPU.Build.0 = Release|Any CPU
	EndGlobalSection
	GlobalSection(SolutionProperties) = preSolution
		HideSolutionNode = FALSE
	EndGlobalSection
EndGlobal
