
Microsoft Visual Studio Solution File, Format Version 12.00
# Visual Studio 15
VisualStudioVersion = 15.0.26228.4
MinimumVisualStudioVersion = 10.0.40219.1
Project("{9A19103F-16F7-4668-BE54-9A1E7A4F7556}") = "Mediator.Net.CoreWebSample", "Mediator.Net.CoreWebSample\Mediator.Net.CoreWebSample.csproj", "{9515DEAE-508F-4584-9384-5E54BA2CB5BA}"
EndProject
Project("{9A19103F-16F7-4668-BE54-9A1E7A4F7556}") = "Mediator.Net.SampleLib", "Mediator.Net.SampleLib\Mediator.Net.SampleLib.csproj", "{C0F5F280-C819-4939-9868-824613A93CA0}"
EndProject
Global
	GlobalSection(SolutionConfigurationPlatforms) = preSolution
		Debug|Any CPU = Debug|Any CPU
		Release|Any CPU = Release|Any CPU
	EndGlobalSection
	GlobalSection(ProjectConfigurationPlatforms) = postSolution
		{9515DEAE-508F-4584-9384-5E54BA2CB5BA}.Debug|Any CPU.ActiveCfg = Debug|Any CPU
		{9515DEAE-508F-4584-9384-5E54BA2CB5BA}.Debug|Any CPU.Build.0 = Debug|Any CPU
		{9515DEAE-508F-4584-9384-5E54BA2CB5BA}.Release|Any CPU.ActiveCfg = Release|Any CPU
		{9515DEAE-508F-4584-9384-5E54BA2CB5BA}.Release|Any CPU.Build.0 = Release|Any CPU
		{C0F5F280-C819-4939-9868-824613A93CA0}.Debug|Any CPU.ActiveCfg = Debug|Any CPU
		{C0F5F280-C819-4939-9868-824613A93CA0}.Debug|Any CPU.Build.0 = Debug|Any CPU
		{C0F5F280-C819-4939-9868-824613A93CA0}.Release|Any CPU.ActiveCfg = Release|Any CPU
		{C0F5F280-C819-4939-9868-824613A93CA0}.Release|Any CPU.Build.0 = Release|Any CPU
	EndGlobalSection
	GlobalSection(SolutionProperties) = preSolution
		HideSolutionNode = FALSE
	EndGlobalSection
EndGlobal
